
Microsoft Visual Studio Solution File, Format Version 12.00
# Visual Studio Version 17
VisualStudioVersion = 17.8.34525.116
MinimumVisualStudioVersion = 10.0.40219.1
Project("{9A19103F-16F7-4668-BE54-9A1E7A4F7556}") = "BarberMaterialTweaks", "BarberMaterialTweaks.csproj", "{375B358A-C937-47FC-B477-AC0E56C966D1}"
EndProject
Global
	GlobalSection(SolutionConfigurationPlatforms) = preSolution
		Debug|Any CPU = Debug|Any CPU
		Release|Any CPU = Release|Any CPU
	EndGlobalSection
	GlobalSection(ProjectConfigurationPlatforms) = postSolution
		{375B358A-C937-47FC-B477-AC0E56C966D1}.Debug|Any CPU.ActiveCfg = Debug|Any CPU
		{375B358A-C937-47FC-B477-AC0E56C966D1}.Debug|Any CPU.Build.0 = Debug|Any CPU
		{375B358A-C937-47FC-B477-AC0E56C966D1}.Release|Any CPU.ActiveCfg = Release|Any CPU
		{375B358A-C937-47FC-B477-AC0E56C966D1}.Release|Any CPU.Build.0 = Release|Any CPU
	EndGlobalSection
	GlobalSection(SolutionProperties) = preSolution
		HideSolutionNode = FALSE
	EndGlobalSection
	GlobalSection(ExtensibilityGlobals) = postSolution
		SolutionGuid = {778427F1-BC22-4172-B614-66C2DF8A375F}
	EndGlobalSection
EndGlobal
